
Microsoft Visual Studio Solution File, Format Version 12.00
# Visual Studio 2013
VisualStudioVersion = 12.0.31101.0
MinimumVisualStudioVersion = 10.0.40219.1
Project("{FAE04EC0-301F-11D3-BF4B-00C04F79EFBC}") = "NWire", "NWire\NWire.csproj", "{05BB44C3-6AF0-425D-A6FD-1629D5EBE872}"
EndProject
Global
	GlobalSection(SolutionConfigurationPlatforms) = preSolution
		Debug|Any CPU = Debug|Any CPU
		Release|Any CPU = Release|Any CPU
	EndGlobalSection
	GlobalSection(ProjectConfigurationPlatforms) = postSolution
		{05BB44C3-6AF0-425D-A6FD-1629D5EBE872}.Debug|Any CPU.ActiveCfg = Debug|Any CPU
		{05BB44C3-6AF0-425D-A6FD-1629D5EBE872}.Debug|Any CPU.Build.0 = Debug|Any CPU
		{05BB44C3-6AF0-425D-A6FD-1629D5EBE872}.Release|Any CPU.ActiveCfg = Release|Any CPU
		{05BB44C3-6AF0-425D-A6FD-1629D5EBE872}.Release|Any CPU.Build.0 = Release|Any CPU
	EndGlobalSection
	GlobalSection(SolutionProperties) = preSolution
		HideSolutionNode = FALSE
	EndGlobalSection
EndGlobal
